
Microsoft Visual Studio Solution File, Format Version 12.00
# Visual Studio Version 16
VisualStudioVersion = 16.0.31025.194
MinimumVisualStudioVersion = 10.0.40219.1
Project("{FAE04EC0-301F-11D3-BF4B-00C04F79EFBC}") = "ToDoAPI", "ToDoAPI\ToDoAPI.csproj", "{A74D1A69-EE54-471C-B531-4CA3CFF2A9D4}"
EndProject
Global
	GlobalSection(SolutionConfigurationPlatforms) = preSolution
		Debug|Any CPU = Debug|Any CPU
		Release|Any CPU = Release|Any CPU
	EndGlobalSection
	GlobalSection(ProjectConfigurationPlatforms) = postSolution
		{A74D1A69-EE54-471C-B531-4CA3CFF2A9D4}.Debug|Any CPU.ActiveCfg = Debug|Any CPU
		{A74D1A69-EE54-471C-B531-4CA3CFF2A9D4}.Debug|Any CPU.Build.0 = Debug|Any CPU
		{A74D1A69-EE54-471C-B531-4CA3CFF2A9D4}.Release|Any CPU.ActiveCfg = Release|Any CPU
		{A74D1A69-EE54-471C-B531-4CA3CFF2A9D4}.Release|Any CPU.Build.0 = Release|Any CPU
	EndGlobalSection
	GlobalSection(SolutionProperties) = preSolution
		HideSolutionNode = FALSE
	EndGlobalSection
	GlobalSection(ExtensibilityGlobals) = postSolution
		SolutionGuid = {159461E9-9908-4672-B0E2-947610270DCC}
	EndGlobalSection
EndGlobal
